<Solution>
  <Folder Name="/Solution Items/">
    <Project Path="../Setup inventor 2020/Setup inventor 2020.vdproj" Type="Installer">
      <Build />
    </Project>
  </Folder>
  <Project Path="Tool Inventor 2020.vbproj" Id="e3133b87-5830-4eca-a611-be8cabd0d3ef">
    <BuildType Project="Release" />
  </Project>
</Solution>
